
Microsoft Visual Studio Solution File, Format Version 12.00
# Visual Studio Version 17
VisualStudioVersion = 17.4.33213.308
MinimumVisualStudioVersion = 10.0.40219.1
Project("{FAE04EC0-301F-11D3-BF4B-00C04F79EFBC}") = "FilmSearchProj", "FilmSearchProj\FilmSearchProj.csproj", "{D8C88050-61F8-41A9-A110-6FCC6451A557}"
EndProject
Global
	GlobalSection(SolutionConfigurationPlatforms) = preSolution
		Debug|Any CPU = Debug|Any CPU
		Release|Any CPU = Release|Any CPU
	EndGlobalSection
	GlobalSection(ProjectConfigurationPlatforms) = postSolution
		{D8C88050-61F8-41A9-A110-6FCC6451A557}.Debug|Any CPU.ActiveCfg = Debug|Any CPU
		{D8C88050-61F8-41A9-A110-6FCC6451A557}.Debug|Any CPU.Build.0 = Debug|Any CPU
		{D8C88050-61F8-41A9-A110-6FCC6451A557}.Release|Any CPU.ActiveCfg = Release|Any CPU
		{D8C88050-61F8-41A9-A110-6FCC6451A557}.Release|Any CPU.Build.0 = Release|Any CPU
	EndGlobalSection
	GlobalSection(SolutionProperties) = preSolution
		HideSolutionNode = FALSE
	EndGlobalSection
	GlobalSection(ExtensibilityGlobals) = postSolution
		SolutionGuid = {369E5EC7-3B97-4DD3-932A-C28F7B1EC040}
	EndGlobalSection
EndGlobal
